
Microsoft Visual Studio Solution File, Format Version 12.00
# Visual Studio Version 17
VisualStudioVersion = 17.3.32929.385
MinimumVisualStudioVersion = 10.0.40219.1
Project("{9A19103F-16F7-4668-BE54-9A1E7A4F7556}") = "01_Controls", "01_Controls\01_Controls.csproj", "{F821D59F-4E20-4EAE-8E9F-BFEADF7A564B}"
EndProject
Project("{9A19103F-16F7-4668-BE54-9A1E7A4F7556}") = "02_MarginPadding", "02_MarginPadding\02_MarginPadding.csproj", "{2269BA4B-63BC-4F36-955A-2E0B1E113646}"
EndProject
Project("{9A19103F-16F7-4668-BE54-9A1E7A4F7556}") = "03_AllControls", "03_AllControls\03_AllControls.csproj", "{66AAF609-983F-4C50-AB22-C20F2BB388D2}"
EndProject
Project("{9A19103F-16F7-4668-BE54-9A1E7A4F7556}") = "05_ShulteTable", "05_ShulteTable\05_ShulteTable.csproj", "{FA65D7AD-E527-4380-95CD-3923A7B8A189}"
EndProject
Project("{9A19103F-16F7-4668-BE54-9A1E7A4F7556}") = "06_Collections", "06_Collections\06_Collections.csproj", "{C7780ED6-555D-439D-889B-6A426130F21C}"
EndProject
Project("{9A19103F-16F7-4668-BE54-9A1E7A4F7556}") = "07_ListControls", "07_ListControls\07_ListControls.csproj", "{E7EF5309-F990-48D3-B062-CD941E728774}"
EndProject
Project("{9A19103F-16F7-4668-BE54-9A1E7A4F7556}") = "08_ListBox", "08_ListBox\08_ListBox.csproj", "{EFCB217F-0A05-454A-85CF-9606994AAF50}"
EndProject
Project("{FAE04EC0-301F-11D3-BF4B-00C04F79EFBC}") = "09_DataBindingDataContext", "09_DataBindingDataContext\09_DataBindingDataContext.csproj", "{3B0C2ED0-6470-4D05-984E-F9030D341B10}"
EndProject
Project("{FAE04EC0-301F-11D3-BF4B-00C04F79EFBC}") = "10_DataContext", "10_DataContext\10_DataContext.csproj", "{40344CFF-AB4C-4B7E-9F5F-6B576B0F8A59}"
EndProject
Project("{FAE04EC0-301F-11D3-BF4B-00C04F79EFBC}") = "11_PhoneBook", "11_PhoneBook\11_PhoneBook.csproj", "{C0AFFA7E-C9DF-4D9B-A667-09E81E622529}"
EndProject
Global
	GlobalSection(SolutionConfigurationPlatforms) = preSolution
		Debug|Any CPU = Debug|Any CPU
		Release|Any CPU = Release|Any CPU
	EndGlobalSection
	GlobalSection(ProjectConfigurationPlatforms) = postSolution
		{F821D59F-4E20-4EAE-8E9F-BFEADF7A564B}.Debug|Any CPU.ActiveCfg = Debug|Any CPU
		{F821D59F-4E20-4EAE-8E9F-BFEADF7A564B}.Debug|Any CPU.Build.0 = Debug|Any CPU
		{F821D59F-4E20-4EAE-8E9F-BFEADF7A564B}.Release|Any CPU.ActiveCfg = Release|Any CPU
		{F821D59F-4E20-4EAE-8E9F-BFEADF7A564B}.Release|Any CPU.Build.0 = Release|Any CPU
		{2269BA4B-63BC-4F36-955A-2E0B1E113646}.Debug|Any CPU.ActiveCfg = Debug|Any CPU
		{2269BA4B-63BC-4F36-955A-2E0B1E113646}.Debug|Any CPU.Build.0 = Debug|Any CPU
		{2269BA4B-63BC-4F36-955A-2E0B1E113646}.Release|Any CPU.ActiveCfg = Release|Any CPU
		{2269BA4B-63BC-4F36-955A-2E0B1E113646}.Release|Any CPU.Build.0 = Release|Any CPU
		{66AAF609-983F-4C50-AB22-C20F2BB388D2}.Debug|Any CPU.ActiveCfg = Debug|Any CPU
		{66AAF609-983F-4C50-AB22-C20F2BB388D2}.Debug|Any CPU.Build.0 = Debug|Any CPU
		{66AAF609-983F-4C50-AB22-C20F2BB388D2}.Release|Any CPU.ActiveCfg = Release|Any CPU
		{66AAF609-983F-4C50-AB22-C20F2BB388D2}.Release|Any CPU.Build.0 = Release|Any CPU
		{FA65D7AD-E527-4380-95CD-3923A7B8A189}.Debug|Any CPU.ActiveCfg = Debug|Any CPU
		{FA65D7AD-E527-4380-95CD-3923A7B8A189}.Debug|Any CPU.Build.0 = Debug|Any CPU
		{FA65D7AD-E527-4380-95CD-3923A7B8A189}.Release|Any CPU.ActiveCfg = Release|Any CPU
		{FA65D7AD-E527-4380-95CD-3923A7B8A189}.Release|Any CPU.Build.0 = Release|Any CPU
		{C7780ED6-555D-439D-889B-6A426130F21C}.Debug|Any CPU.ActiveCfg = Debug|Any CPU
		{C7780ED6-555D-439D-889B-6A426130F21C}.Debug|Any CPU.Build.0 = Debug|Any CPU
		{C7780ED6-555D-439D-889B-6A426130F21C}.Release|Any CPU.ActiveCfg = Release|Any CPU
		{C7780ED6-555D-439D-889B-6A426130F21C}.Release|Any CPU.Build.0 = Release|Any CPU
		{E7EF5309-F990-48D3-B062-CD941E728774}.Debug|Any CPU.ActiveCfg = Debug|Any CPU
		{E7EF5309-F990-48D3-B062-CD941E728774}.Debug|Any CPU.Build.0 = Debug|Any CPU
		{E7EF5309-F990-48D3-B062-CD941E728774}.Release|Any CPU.ActiveCfg = Release|Any CPU
		{E7EF5309-F990-48D3-B062-CD941E728774}.Release|Any CPU.Build.0 = Release|Any CPU
		{EFCB217F-0A05-454A-85CF-9606994AAF50}.Debug|Any CPU.ActiveCfg = Debug|Any CPU
		{EFCB217F-0A05-454A-85CF-9606994AAF50}.Debug|Any CPU.Build.0 = Debug|Any CPU
		{EFCB217F-0A05-454A-85CF-9606994AAF50}.Release|Any CPU.ActiveCfg = Release|Any CPU
		{EFCB217F-0A05-454A-85CF-9606994AAF50}.Release|Any CPU.Build.0 = Release|Any CPU
		{3B0C2ED0-6470-4D05-984E-F9030D341B10}.Debug|Any CPU.ActiveCfg = Debug|Any CPU
		{3B0C2ED0-6470-4D05-984E-F9030D341B10}.Debug|Any CPU.Build.0 = Debug|Any CPU
		{3B0C2ED0-6470-4D05-984E-F9030D341B10}.Release|Any CPU.ActiveCfg = Release|Any CPU
		{3B0C2ED0-6470-4D05-984E-F9030D341B10}.Release|Any CPU.Build.0 = Release|Any CPU
		{40344CFF-AB4C-4B7E-9F5F-6B576B0F8A59}.Debug|Any CPU.ActiveCfg = Debug|Any CPU
		{40344CFF-AB4C-4B7E-9F5F-6B576B0F8A59}.Debug|Any CPU.Build.0 = Debug|Any CPU
		{40344CFF-AB4C-4B7E-9F5F-6B576B0F8A59}.Release|Any CPU.ActiveCfg = Release|Any CPU
		{40344CFF-AB4C-4B7E-9F5F-6B576B0F8A59}.Release|Any CPU.Build.0 = Release|Any CPU
		{C0AFFA7E-C9DF-4D9B-A667-09E81E622529}.Debug|Any CPU.ActiveCfg = Debug|Any CPU
		{C0AFFA7E-C9DF-4D9B-A667-09E81E622529}.Debug|Any CPU.Build.0 = Debug|Any CPU
		{C0AFFA7E-C9DF-4D9B-A667-09E81E622529}.Release|Any CPU.ActiveCfg = Release|Any CPU
		{C0AFFA7E-C9DF-4D9B-A667-09E81E622529}.Release|Any CPU.Build.0 = Release|Any CPU
	EndGlobalSection
	GlobalSection(SolutionProperties) = preSolution
		HideSolutionNode = FALSE
	EndGlobalSection
	GlobalSection(ExtensibilityGlobals) = postSolution
		SolutionGuid = {D6BE626B-2B62-49D5-8FF5-C6B868F9A501}
	EndGlobalSection
EndGlobal
